
Microsoft Visual Studio Solution File, Format Version 12.00
# Visual Studio Version 17
VisualStudioVersion = 17.4.33213.308
MinimumVisualStudioVersion = 10.0.40219.1
Project("{FAE04EC0-301F-11D3-BF4B-00C04F79EFBC}") = "20230416_Authentication", "20230416_Authentication\20230416_Authentication.csproj", "{D6665147-962B-485E-A2D4-73867E5F4D42}"
EndProject
Global
	GlobalSection(SolutionConfigurationPlatforms) = preSolution
		Debug|Any CPU = Debug|Any CPU
		Release|Any CPU = Release|Any CPU
	EndGlobalSection
	GlobalSection(ProjectConfigurationPlatforms) = postSolution
		{D6665147-962B-485E-A2D4-73867E5F4D42}.Debug|Any CPU.ActiveCfg = Debug|Any CPU
		{D6665147-962B-485E-A2D4-73867E5F4D42}.Debug|Any CPU.Build.0 = Debug|Any CPU
		{D6665147-962B-485E-A2D4-73867E5F4D42}.Release|Any CPU.ActiveCfg = Release|Any CPU
		{D6665147-962B-485E-A2D4-73867E5F4D42}.Release|Any CPU.Build.0 = Release|Any CPU
	EndGlobalSection
	GlobalSection(SolutionProperties) = preSolution
		HideSolutionNode = FALSE
	EndGlobalSection
	GlobalSection(ExtensibilityGlobals) = postSolution
		SolutionGuid = {0203DBB3-4E41-4B30-B124-440753375A8F}
	EndGlobalSection
EndGlobal
